
Microsoft Visual Studio Solution File, Format Version 12.00
# Visual Studio Version 17
VisualStudioVersion = 17.3.32922.545
MinimumVisualStudioVersion = 10.0.40219.1
Project("{FAE04EC0-301F-11D3-BF4B-00C04F79EFBC}") = "Project", "Project\Project.csproj", "{1C4AE2F6-4B4A-435D-B649-E4B19D5F86B5}"
EndProject
Global
	GlobalSection(SolutionConfigurationPlatforms) = preSolution
		Debug|Any CPU = Debug|Any CPU
		Release|Any CPU = Release|Any CPU
	EndGlobalSection
	GlobalSection(ProjectConfigurationPlatforms) = postSolution
		{1C4AE2F6-4B4A-435D-B649-E4B19D5F86B5}.Debug|Any CPU.ActiveCfg = Debug|Any CPU
		{1C4AE2F6-4B4A-435D-B649-E4B19D5F86B5}.Debug|Any CPU.Build.0 = Debug|Any CPU
		{1C4AE2F6-4B4A-435D-B649-E4B19D5F86B5}.Release|Any CPU.ActiveCfg = Release|Any CPU
		{1C4AE2F6-4B4A-435D-B649-E4B19D5F86B5}.Release|Any CPU.Build.0 = Release|Any CPU
	EndGlobalSection
	GlobalSection(SolutionProperties) = preSolution
		HideSolutionNode = FALSE
	EndGlobalSection
	GlobalSection(ExtensibilityGlobals) = postSolution
		SolutionGuid = {4EA7B7A2-5EF9-4FAD-9768-360B28739216}
	EndGlobalSection
EndGlobal
